
Microsoft Visual Studio Solution File, Format Version 12.00
# Visual Studio Version 16
VisualStudioVersion = 16.0.31702.278
MinimumVisualStudioVersion = 10.0.40219.1
Project("{FAE04EC0-301F-11D3-BF4B-00C04F79EFBC}") = "LojaSuplemento", "LojaSuplemento\LojaSuplemento.csproj", "{EF2172F1-94A8-4582-B98C-8E9362C03073}"
EndProject
Global
	GlobalSection(SolutionConfigurationPlatforms) = preSolution
		Debug|Any CPU = Debug|Any CPU
		Release|Any CPU = Release|Any CPU
	EndGlobalSection
	GlobalSection(ProjectConfigurationPlatforms) = postSolution
		{EF2172F1-94A8-4582-B98C-8E9362C03073}.Debug|Any CPU.ActiveCfg = Debug|Any CPU
		{EF2172F1-94A8-4582-B98C-8E9362C03073}.Debug|Any CPU.Build.0 = Debug|Any CPU
		{EF2172F1-94A8-4582-B98C-8E9362C03073}.Release|Any CPU.ActiveCfg = Release|Any CPU
		{EF2172F1-94A8-4582-B98C-8E9362C03073}.Release|Any CPU.Build.0 = Release|Any CPU
	EndGlobalSection
	GlobalSection(SolutionProperties) = preSolution
		HideSolutionNode = FALSE
	EndGlobalSection
	GlobalSection(ExtensibilityGlobals) = postSolution
		SolutionGuid = {E51749B6-66AE-4E9E-A4B4-7A842CAD42FD}
	EndGlobalSection
EndGlobal
